
Microsoft Visual Studio Solution File, Format Version 12.00
# Visual Studio Version 17
VisualStudioVersion = 17.4.33205.214
MinimumVisualStudioVersion = 10.0.40219.1
Project("{9A19103F-16F7-4668-BE54-9A1E7A4F7556}") = "IDK1", "IDK1\IDK1.csproj", "{AB6D5CC1-CB6F-4DE5-AEB2-EE513A08F4B2}"
EndProject
Global
	GlobalSection(SolutionConfigurationPlatforms) = preSolution
		Debug|Any CPU = Debug|Any CPU
		Release|Any CPU = Release|Any CPU
	EndGlobalSection
	GlobalSection(ProjectConfigurationPlatforms) = postSolution
		{AB6D5CC1-CB6F-4DE5-AEB2-EE513A08F4B2}.Debug|Any CPU.ActiveCfg = Debug|Any CPU
		{AB6D5CC1-CB6F-4DE5-AEB2-EE513A08F4B2}.Debug|Any CPU.Build.0 = Debug|Any CPU
		{AB6D5CC1-CB6F-4DE5-AEB2-EE513A08F4B2}.Release|Any CPU.ActiveCfg = Release|Any CPU
		{AB6D5CC1-CB6F-4DE5-AEB2-EE513A08F4B2}.Release|Any CPU.Build.0 = Release|Any CPU
	EndGlobalSection
	GlobalSection(SolutionProperties) = preSolution
		HideSolutionNode = FALSE
	EndGlobalSection
	GlobalSection(ExtensibilityGlobals) = postSolution
		SolutionGuid = {99DDB391-0015-4775-BE28-FFAC5F1C5493}
	EndGlobalSection
EndGlobal
